// !$*UTF8*$!
{
	archiveVersion = 1;
	classes = {
	};
	objectVersion = 56;
	objects = {

/* Begin PBXBuildFile section */
		7596760129AC22B800F55356 /* JsonViewModel.swift in Sources */ = {isa = PBXBuildFile; fileRef = 7596760029AC22B800F55356 /* JsonViewModel.swift */; };
		7596760529AC25AF00F55356 /* SubItemView.swift in Sources */ = {isa = PBXBuildFile; fileRef = 7596760429AC25AF00F55356 /* SubItemView.swift */; };
		75D912C829AA58C500123049 /* DisplayJsonListApp.swift in Sources */ = {isa = PBXBuildFile; fileRef = 75D912C729AA58C500123049 /* DisplayJsonListApp.swift */; };
		75D912CA29AA58C500123049 /* ShoppingCartList.swift in Sources */ = {isa = PBXBuildFile; fileRef = 75D912C929AA58C500123049 /* ShoppingCartList.swift */; };
		75D912CC29AA58C600123049 /* Assets.xcassets in Resources */ = {isa = PBXBuildFile; fileRef = 75D912CB29AA58C600123049 /* Assets.xcassets */; };
		75D912CF29AA58C600123049 /* Preview Assets.xcassets in Resources */ = {isa = PBXBuildFile; fileRef = 75D912CE29AA58C600123049 /* Preview Assets.xcassets */; };
		75D912D629AA595F00123049 /* sampleJson.json in Resources */ = {isa = PBXBuildFile; fileRef = 75D912D529AA595F00123049 /* sampleJson.json */; };
		75D912D829AA598C00123049 /* JsonModels.swift in Sources */ = {isa = PBXBuildFile; fileRef = 75D912D729AA598C00123049 /* JsonModels.swift */; };
/* End PBXBuildFile section */

/* Begin PBXFileReference section */
		7596760029AC22B800F55356 /* JsonViewModel.swift */ = {isa = PBXFileReference; lastKnownFileType = sourcecode.swift; path = JsonViewModel.swift; sourceTree = "<group>"; };
		7596760429AC25AF00F55356 /* SubItemView.swift */ = {isa = PBXFileReference; lastKnownFileType = sourcecode.swift; path = SubItemView.swift; sourceTree = "<group>"; };
		7596760629AC2C5900F55356 /* README.md */ = {isa = PBXFileReference; lastKnownFileType = net.daringfireball.markdown; path = README.md; sourceTree = "<group>"; };
		7596760829AC2D5600F55356 /* shoppingCart.jpeg */ = {isa = PBXFileReference; lastKnownFileType = image.jpeg; path = shoppingCart.jpeg; sourceTree = "<group>"; };
		7596760929AC2D9E00F55356 /* detailView.jpeg */ = {isa = PBXFileReference; lastKnownFileType = image.jpeg; path = detailView.jpeg; sourceTree = "<group>"; };
		75D912C429AA58C500123049 /* DisplayJsonList.app */ = {isa = PBXFileReference; explicitFileType = wrapper.application; includeInIndex = 0; path = DisplayJsonList.app; sourceTree = BUILT_PRODUCTS_DIR; };
		75D912C729AA58C500123049 /* DisplayJsonListApp.swift */ = {isa = PBXFileReference; lastKnownFileType = sourcecode.swift; path = DisplayJsonListApp.swift; sourceTree = "<group>"; };
		75D912C929AA58C500123049 /* ShoppingCartList.swift */ = {isa = PBXFileReference; lastKnownFileType = sourcecode.swift; path = ShoppingCartList.swift; sourceTree = "<group>"; };
		75D912CB29AA58C600123049 /* Assets.xcassets */ = {isa = PBXFileReference; lastKnownFileType = folder.assetcatalog; path = Assets.xcassets; sourceTree = "<group>"; };
		75D912CE29AA58C600123049 /* Preview Assets.xcassets */ = {isa = PBXFileReference; lastKnownFileType = folder.assetcatalog; path = "Preview Assets.xcassets"; sourceTree = "<group>"; };
		75D912D529AA595F00123049 /* sampleJson.json */ = {isa = PBXFileReference; fileEncoding = 4; lastKnownFileType = text.json; path = sampleJson.json; sourceTree = "<group>"; };
		75D912D729AA598C00123049 /* JsonModels.swift */ = {isa = PBXFileReference; lastKnownFileType = sourcecode.swift; path = JsonModels.swift; sourceTree = "<group>"; };
/* End PBXFileReference section */

/* Begin PBXFrameworksBuildPhase section */
		75D912C129AA58C500123049 /* Frameworks */ = {
			isa = PBXFrameworksBuildPhase;
			buildActionMask = 2147483647;
			files = (
			);
			runOnlyForDeploymentPostprocessing = 0;
		};
/* End PBXFrameworksBuildPhase section */

/* Begin PBXGroup section */
		759675FD29AC229100F55356 /* Views */ = {
			isa = PBXGroup;
			children = (
				75D912C729AA58C500123049 /* DisplayJsonListApp.swift */,
				75D912C929AA58C500123049 /* ShoppingCartList.swift */,
				7596760429AC25AF00F55356 /* SubItemView.swift */,
			);
			path = Views;
			sourceTree = "<group>";
		};
		759675FE29AC229700F55356 /* Models */ = {
			isa = PBXGroup;
			children = (
				75D912D729AA598C00123049 /* JsonModels.swift */,
			);
			path = Models;
			sourceTree = "<group>";
		};
		759675FF29AC229D00F55356 /* ViewModels */ = {
			isa = PBXGroup;
			children = (
				7596760029AC22B800F55356 /* JsonViewModel.swift */,
			);
			path = ViewModels;
			sourceTree = "<group>";
		};
		7596760729AC2D3600F55356 /* img */ = {
			isa = PBXGroup;
			children = (
				7596760829AC2D5600F55356 /* shoppingCart.jpeg */,
				7596760929AC2D9E00F55356 /* detailView.jpeg */,
			);
			path = img;
			sourceTree = "<group>";
		};
		75D912BB29AA58C500123049 = {
			isa = PBXGroup;
			children = (
				7596760629AC2C5900F55356 /* README.md */,
				7596760729AC2D3600F55356 /* img */,
				75D912C629AA58C500123049 /* DisplayJsonList */,
				75D912C529AA58C500123049 /* Products */,
			);
			sourceTree = "<group>";
		};
		75D912C529AA58C500123049 /* Products */ = {
			isa = PBXGroup;
			children = (
				75D912C429AA58C500123049 /* DisplayJsonList.app */,
			);
			name = Products;
			sourceTree = "<group>";
		};
		75D912C629AA58C500123049 /* DisplayJsonList */ = {
			isa = PBXGroup;
			children = (
				759675FF29AC229D00F55356 /* ViewModels */,
				759675FE29AC229700F55356 /* Models */,
				759675FD29AC229100F55356 /* Views */,
				75D912D529AA595F00123049 /* sampleJson.json */,
				75D912CB29AA58C600123049 /* Assets.xcassets */,
				75D912CD29AA58C600123049 /* Preview Content */,
			);
			path = DisplayJsonList;
			sourceTree = "<group>";
		};
		75D912CD29AA58C600123049 /* Preview Content */ = {
			isa = PBXGroup;
			children = (
				75D912CE29AA58C600123049 /* Preview Assets.xcassets */,
			);
			path = "Preview Content";
			sourceTree = "<group>";
		};
/* End PBXGroup section */

/* Begin PBXNativeTarget section */
		75D912C329AA58C500123049 /* DisplayJsonList */ = {
			isa = PBXNativeTarget;
			buildConfigurationList = 75D912D229AA58C600123049 /* Build configuration list for PBXNativeTarget "DisplayJsonList" */;
			buildPhases = (
				75D912C029AA58C500123049 /* Sources */,
				75D912C129AA58C500123049 /* Frameworks */,
				75D912C229AA58C500123049 /* Resources */,
			);
			buildRules = (
			);
			dependencies = (
			);
			name = DisplayJsonList;
			productName = DisplayJsonList;
			productReference = 75D912C429AA58C500123049 /* DisplayJsonList.app */;
			productType = "com.apple.product-type.application";
		};
/* End PBXNativeTarget section */

/* Begin PBXProject section */
		75D912BC29AA58C500123049 /* Project object */ = {
			isa = PBXProject;
			attributes = {
				BuildIndependentTargetsInParallel = 1;
				LastSwiftUpdateCheck = 1420;
				LastUpgradeCheck = 1420;
				TargetAttributes = {
					75D912C329AA58C500123049 = {
						CreatedOnToolsVersion = 14.2;
					};
				};
			};
			buildConfigurationList = 75D912BF29AA58C500123049 /* Build configuration list for PBXProject "DisplayJsonList" */;
			compatibilityVersion = "Xcode 14.0";
			developmentRegion = en;
			hasScannedForEncodings = 0;
			knownRegions = (
				en,
				Base,
			);
			mainGroup = 75D912BB29AA58C500123049;
			productRefGroup = 75D912C529AA58C500123049 /* Products */;
			projectDirPath = "";
			projectRoot = "";
			targets = (
				75D912C329AA58C500123049 /* DisplayJsonList */,
			);
		};
/* End PBXProject section */

/* Begin PBXResourcesBuildPhase section */
		75D912C229AA58C500123049 /* Resources */ = {
			isa = PBXResourcesBuildPhase;
			buildActionMask = 2147483647;
			files = (
				75D912D629AA595F00123049 /* sampleJson.json in Resources */,
				75D912CF29AA58C600123049 /* Preview Assets.xcassets in Resources */,
				75D912CC29AA58C600123049 /* Assets.xcassets in Resources */,
			);
			runOnlyForDeploymentPostprocessing = 0;
		};
/* End PBXResourcesBuildPhase section */

/* Begin PBXSourcesBuildPhase section */
		75D912C029AA58C500123049 /* Sources */ = {
			isa = PBXSourcesBuildPhase;
			buildActionMask = 2147483647;
			files = (
				7596760529AC25AF00F55356 /* SubItemView.swift in Sources */,
				75D912CA29AA58C500123049 /* ShoppingCartList.swift in Sources */,
				75D912C829AA58C500123049 /* DisplayJsonListApp.swift in Sources */,
				7596760129AC22B800F55356 /* JsonViewModel.swift in Sources */,
				75D912D829AA598C00123049 /* JsonModels.swift in Sources */,
			);
			runOnlyForDeploymentPostprocessing = 0;
		};
/* End PBXSourcesBuildPhase section */

/* Begin XCBuildConfiguration section */
		75D912D029AA58C600123049 /* Debug */ = {
			isa = XCBuildConfiguration;
			buildSettings = {
				ALWAYS_SEARCH_USER_PATHS = NO;
				CLANG_ANALYZER_NONNULL = YES;
				CLANG_ANALYZER_NUMBER_OBJECT_CONVERSION = YES_AGGRESSIVE;
				CLANG_CXX_LANGUAGE_STANDARD = "gnu++20";
				CLANG_ENABLE_MODULES = YES;
				CLANG_ENABLE_OBJC_ARC = YES;
				CLANG_ENABLE_OBJC_WEAK = YES;
				CLANG_WARN_BLOCK_CAPTURE_AUTORELEASING = YES;
				CLANG_WARN_BOOL_CONVERSION = YES;
				CLANG_WARN_COMMA = YES;
				CLANG_WARN_CONSTANT_CONVERSION = YES;
				CLANG_WARN_DEPRECATED_OBJC_IMPLEMENTATIONS = YES;
				CLANG_WARN_DIRECT_OBJC_ISA_USAGE = YES_ERROR;
				CLANG_WARN_DOCUMENTATION_COMMENTS = YES;
				CLANG_WARN_EMPTY_BODY = YES;
				CLANG_WARN_ENUM_CONVERSION = YES;
				CLANG_WARN_INFINITE_RECURSION = YES;
				CLANG_WARN_INT_CONVERSION = YES;
				CLANG_WARN_NON_LITERAL_NULL_CONVERSION = YES;
				CLANG_WARN_OBJC_IMPLICIT_RETAIN_SELF = YES;
				CLANG_WARN_OBJC_LITERAL_CONVERSION = YES;
				CLANG_WARN_OBJC_ROOT_CLASS = YES_ERROR;
				CLANG_WARN_QUOTED_INCLUDE_IN_FRAMEWORK_HEADER = YES;
				CLANG_WARN_RANGE_LOOP_ANALYSIS = YES;
				CLANG_WARN_STRICT_PROTOTYPES = YES;
				CLANG_WARN_SUSPICIOUS_MOVE = YES;
				CLANG_WARN_UNGUARDED_AVAILABILITY = YES_AGGRESSIVE;
				CLANG_WARN_UNREACHABLE_CODE = YES;
				CLANG_WARN__DUPLICATE_METHOD_MATCH = YES;
				COPY_PHASE_STRIP = NO;
				DEBUG_INFORMATION_FORMAT = dwarf;
				ENABLE_STRICT_OBJC_MSGSEND = YES;
				ENABLE_TESTABILITY = YES;
				GCC_C_LANGUAGE_STANDARD = gnu11;
				GCC_DYNAMIC_NO_PIC = NO;
				GCC_NO_COMMON_BLOCKS = YES;
				GCC_OPTIMIZATION_LEVEL = 0;
				GCC_PREPROCESSOR_DEFINITIONS = (
					"DEBUG=1",
					"$(inherited)",
				);
				GCC_WARN_64_TO_32_BIT_CONVERSION = YES;
				GCC_WARN_ABOUT_RETURN_TYPE = YES_ERROR;
				GCC_WARN_UNDECLARED_SELECTOR = YES;
				GCC_WARN_UNINITIALIZED_AUTOS = YES_AGGRESSIVE;
				GCC_WARN_UNUSED_FUNCTION = YES;
				GCC_WARN_UNUSED_VARIABLE = YES;
				IPHONEOS_DEPLOYMENT_TARGET = 16.2;
				MTL_ENABLE_DEBUG_INFO = INCLUDE_SOURCE;
				MTL_FAST_MATH = YES;
				ONLY_ACTIVE_ARCH = YES;
				SDKROOT = iphoneos;
				SWIFT_ACTIVE_COMPILATION_CONDITIONS = DEBUG;
				SWIFT_OPTIMIZATION_LEVEL = "-Onone";
			};
			name = Debug;
		};
		75D912D129AA58C600123049 /* Release */ = {
			isa = XCBuildConfiguration;
			buildSettings = {
				ALWAYS_SEARCH_USER_PATHS = NO;
				CLANG_ANALYZER_NONNULL = YES;
				CLANG_ANALYZER_NUMBER_OBJECT_CONVERSION = YES_AGGRESSIVE;
				CLANG_CXX_LANGUAGE_STANDARD = "gnu++20";
				CLANG_ENABLE_MODULES = YES;
				CLANG_ENABLE_OBJC_ARC = YES;
				CLANG_ENABLE_OBJC_WEAK = YES;
				CLANG_WARN_BLOCK_CAPTURE_AUTORELEASING = YES;
				CLANG_WARN_BOOL_CONVERSION = YES;
				CLANG_WARN_COMMA = YES;
				CLANG_WARN_CONSTANT_CONVERSION = YES;
				CLANG_WARN_DEPRECATED_OBJC_IMPLEMENTATIONS = YES;
				CLANG_WARN_DIRECT_OBJC_ISA_USAGE = YES_ERROR;
				CLANG_WARN_DOCUMENTATION_COMMENTS = YES;
				CLANG_WARN_EMPTY_BODY = YES;
				CLANG_WARN_ENUM_CONVERSION = YES;
				CLANG_WARN_INFINITE_RECURSION = YES;
				CLANG_WARN_INT_CONVERSION = YES;
				CLANG_WARN_NON_LITERAL_NULL_CONVERSION = YES;
				CLANG_WARN_OBJC_IMPLICIT_RETAIN_SELF = YES;
				CLANG_WARN_OBJC_LITERAL_CONVERSION = YES;
				CLANG_WARN_OBJC_ROOT_CLASS = YES_ERROR;
				CLANG_WARN_QUOTED_INCLUDE_IN_FRAMEWORK_HEADER = YES;
				CLANG_WARN_RANGE_LOOP_ANALYSIS = YES;
				CLANG_WARN_STRICT_PROTOTYPES = YES;
				CLANG_WARN_SUSPICIOUS_MOVE = YES;
				CLANG_WARN_UNGUARDED_AVAILABILITY = YES_AGGRESSIVE;
				CLANG_WARN_UNREACHABLE_CODE = YES;
				CLANG_WARN__DUPLICATE_METHOD_MATCH = YES;
				COPY_PHASE_STRIP = NO;
				DEBUG_INFORMATION_FORMAT = "dwarf-with-dsym";
				ENABLE_NS_ASSERTIONS = NO;
				ENABLE_STRICT_OBJC_MSGSEND = YES;
				GCC_C_LANGUAGE_STANDARD = gnu11;
				GCC_NO_COMMON_BLOCKS = YES;
				GCC_WARN_64_TO_32_BIT_CONVERSION = YES;
				GCC_WARN_ABOUT_RETURN_TYPE = YES_ERROR;
				GCC_WARN_UNDECLARED_SELECTOR = YES;
				GCC_WARN_UNINITIALIZED_AUTOS = YES_AGGRESSIVE;
				GCC_WARN_UNUSED_FUNCTION = YES;
				GCC_WARN_UNUSED_VARIABLE = YES;
				IPHONEOS_DEPLOYMENT_TARGET = 16.2;
				MTL_ENABLE_DEBUG_INFO = NO;
				MTL_FAST_MATH = YES;
				SDKROOT = iphoneos;
				SWIFT_COMPILATION_MODE = wholemodule;
				SWIFT_OPTIMIZATION_LEVEL = "-O";
				VALIDATE_PRODUCT = YES;
			};
			name = Release;
		};
		75D912D329AA58C600123049 /* Debug */ = {
			isa = XCBuildConfiguration;
			buildSettings = {
				ASSETCATALOG_COMPILER_APPICON_NAME = AppIcon;
				ASSETCATALOG_COMPILER_GLOBAL_ACCENT_COLOR_NAME = AccentColor;
				CODE_SIGN_STYLE = Automatic;
				CURRENT_PROJECT_VERSION = 1;
				DEVELOPMENT_ASSET_PATHS = "\"DisplayJsonList/Preview Content\"";
				DEVELOPMENT_TEAM = 6DR6N9843T;
				ENABLE_PREVIEWS = YES;
				GENERATE_INFOPLIST_FILE = YES;
				INFOPLIST_KEY_UIApplicationSceneManifest_Generation = YES;
				INFOPLIST_KEY_UIApplicationSupportsIndirectInputEvents = YES;
				INFOPLIST_KEY_UILaunchScreen_Generation = YES;
				INFOPLIST_KEY_UISupportedInterfaceOrientations_iPad = "UIInterfaceOrientationPortrait UIInterfaceOrientationPortraitUpsideDown UIInterfaceOrientationLandscapeLeft UIInterfaceOrientationLandscapeRight";
				INFOPLIST_KEY_UISupportedInterfaceOrientations_iPhone = "UIInterfaceOrientationPortrait UIInterfaceOrientationLandscapeLeft UIInterfaceOrientationLandscapeRight";
				LD_RUNPATH_SEARCH_PATHS = (
					"$(inherited)",
					"@executable_path/Frameworks",
				);
				MARKETING_VERSION = 1.0;
				PRODUCT_BUNDLE_IDENTIFIER = SomethingGoodLLC.DisplayJsonList;
				PRODUCT_NAME = "$(TARGET_NAME)";
				SWIFT_EMIT_LOC_STRINGS = YES;
				SWIFT_VERSION = 5.0;
				TARGETED_DEVICE_FAMILY = "1,2";
			};
			name = Debug;
		};
		75D912D429AA58C600123049 /* Release */ = {
			isa = XCBuildConfiguration;
			buildSettings = {
				ASSETCATALOG_COMPILER_APPICON_NAME = AppIcon;
				ASSETCATALOG_COMPILER_GLOBAL_ACCENT_COLOR_NAME = AccentColor;
				CODE_SIGN_STYLE = Automatic;
				CURRENT_PROJECT_VERSION = 1;
				DEVELOPMENT_ASSET_PATHS = "\"DisplayJsonList/Preview Content\"";
				DEVELOPMENT_TEAM = 6DR6N9843T;
				ENABLE_PREVIEWS = YES;
				GENERATE_INFOPLIST_FILE = YES;
				INFOPLIST_KEY_UIApplicationSceneManifest_Generation = YES;
				INFOPLIST_KEY_UIApplicationSupportsIndirectInputEvents = YES;
				INFOPLIST_KEY_UILaunchScreen_Generation = YES;
				INFOPLIST_KEY_UISupportedInterfaceOrientations_iPad = "UIInterfaceOrientationPortrait UIInterfaceOrientationPortraitUpsideDown UIInterfaceOrientationLandscapeLeft UIInterfaceOrientationLandscapeRight";
				INFOPLIST_KEY_UISupportedInterfaceOrientations_iPhone = "UIInterfaceOrientationPortrait UIInterfaceOrientationLandscapeLeft UIInterfaceOrientationLandscapeRight";
				LD_RUNPATH_SEARCH_PATHS = (
					"$(inherited)",
					"@executable_path/Frameworks",
				);
				MARKETING_VERSION = 1.0;
				PRODUCT_BUNDLE_IDENTIFIER = SomethingGoodLLC.DisplayJsonList;
				PRODUCT_NAME = "$(TARGET_NAME)";
				SWIFT_EMIT_LOC_STRINGS = YES;
				SWIFT_VERSION = 5.0;
				TARGETED_DEVICE_FAMILY = "1,2";
			};
			name = Release;
		};
/* End XCBuildConfiguration section */

/* Begin XCConfigurationList section */
		75D912BF29AA58C500123049 /* Build configuration list for PBXProject "DisplayJsonList" */ = {
			isa = XCConfigurationList;
			buildConfigurations = (
				75D912D029AA58C600123049 /* Debug */,
				75D912D129AA58C600123049 /* Release */,
			);
			defaultConfigurationIsVisible = 0;
			defaultConfigurationName = Release;
		};
		75D912D229AA58C600123049 /* Build configuration list for PBXNativeTarget "DisplayJsonList" */ = {
			isa = XCConfigurationList;
			buildConfigurations = (
				75D912D329AA58C600123049 /* Debug */,
				75D912D429AA58C600123049 /* Release */,
			);
			defaultConfigurationIsVisible = 0;
			defaultConfigurationName = Release;
		};
/* End XCConfigurationList section */
	};
	rootObject = 75D912BC29AA58C500123049 /* Project object */;
}
